{
  "lockfileVersion": 1,
  "configVersion": 1,
  "workspaces": {
    "": {
      "name": "electron-webauthn",
      "dependencies": {
        "@electron-webauthn/types": "^1.3.0",
      },
      "devDependencies": {
        "@types/bun": "latest",
      },
      "optionalDependencies": {
        "@electron-webauthn/macos": "^1.3.0",
      },
      "peerDependencies": {
        "typescript": "^6.0.2",
      },
    },
    "packages/macos": {
      "name": "@electron-webauthn/macos",
      "version": "1.3.0",
      "dependencies": {
        "@electron-webauthn/types": "^1.2.0",
        "@oslojs/webauthn": "^1.0.0",
        "objc-js": "^1.4.0",
      },
      "devDependencies": {
        "@types/bun": "latest",
        "objcjs-types": "0.7.2",
      },
      "peerDependencies": {
        "typescript": "^6.0.2",
      },
    },
    "packages/types": {
      "name": "@electron-webauthn/types",
      "version": "1.3.0",
    },
  },
  "trustedDependencies": [
    "objc-js",
  ],
  "packages": {
    "@electron-webauthn/macos": ["@electron-webauthn/macos@workspace:packages/macos"],

    "@electron-webauthn/types": ["@electron-webauthn/types@workspace:packages/types"],

    "@oslojs/asn1": ["@oslojs/asn1@1.0.0", "", { "dependencies": { "@oslojs/binary": "1.0.0" } }, "sha512-zw/wn0sj0j0QKbIXfIlnEcTviaCzYOY3V5rAyjR6YtOByFtJiT574+8p9Wlach0lZH9fddD4yb9laEAIl4vXQA=="],

    "@oslojs/binary": ["@oslojs/binary@1.0.0", "", {}, "sha512-9RCU6OwXU6p67H4NODbuxv2S3eenuQ4/WFLrsq+K/k682xrznH5EVWA7N4VFk9VYVcbFtKqur5YQQZc0ySGhsQ=="],

    "@oslojs/cbor": ["@oslojs/cbor@1.0.0", "", { "dependencies": { "@oslojs/binary": "1.0.0" } }, "sha512-AY6Lknexs7n2xp8Cgey95c+975VG7XOk4UEdRdNFxHmDDbuf47OC/LAVRsl14DeTLwo8W6xr3HLFwUFmKcndTQ=="],

    "@oslojs/crypto": ["@oslojs/crypto@1.0.0", "", { "dependencies": { "@oslojs/asn1": "1.0.0", "@oslojs/binary": "1.0.0" } }, "sha512-dVz8TkkgYdr3tlwxHd7SCYGxoN7ynwHLA0nei/Aq9C+ERU0BK+U8+/3soEzBUxUNKYBf42351DyJUZ2REla50w=="],

    "@oslojs/encoding": ["@oslojs/encoding@1.0.0", "", {}, "sha512-dyIB0SdZgMm5BhGwdSp8rMxEFIopLKxDG1vxIBaiogyom6ZqH2aXPb6DEC2WzOOWKdPSq1cxdNeRx2wAn1Z+ZQ=="],

    "@oslojs/webauthn": ["@oslojs/webauthn@1.0.0", "", { "dependencies": { "@oslojs/asn1": "1.0.0", "@oslojs/binary": "1.0.0", "@oslojs/cbor": "1.0.0", "@oslojs/crypto": "1.0.0", "@oslojs/encoding": "1.0.0" } }, "sha512-2ZRpbt3msNURwvjmavzq9vrNlxUnWFBGMYqbC1kO3fYBLskL7r4DiLJT1wbtLoI+hclFwjhl48YhRFBl6RWg1A=="],

    "@types/bun": ["@types/bun@1.3.11", "", { "dependencies": { "bun-types": "1.3.11" } }, "sha512-5vPne5QvtpjGpsGYXiFyycfpDF2ECyPcTSsFBMa0fraoxiQyMJ3SmuQIGhzPg2WJuWxVBoxWJ2kClYTcw/4fAg=="],

    "@types/node": ["@types/node@25.5.2", "", { "dependencies": { "undici-types": "~7.18.0" } }, "sha512-tO4ZIRKNC+MDWV4qKVZe3Ql/woTnmHDr5JD8UI5hn2pwBrHEwOEMZK7WlNb5RKB6EoJ02gwmQS9OrjuFnZYdpg=="],

    "bun-types": ["bun-types@1.3.11", "", { "dependencies": { "@types/node": "*" } }, "sha512-1KGPpoxQWl9f6wcZh57LvrPIInQMn2TQ7jsgxqpRzg+l0QPOFvJVH7HmvHo/AiPgwXy+/Thf6Ov3EdVn1vOabg=="],

    "node-addon-api": ["node-addon-api@8.7.0", "", {}, "sha512-9MdFxmkKaOYVTV+XVRG8ArDwwQ77XIgIPyKASB1k3JPq3M8fGQQQE3YpMOrKm6g//Ktx8ivZr8xo1Qmtqub+GA=="],

    "node-gyp-build": ["node-gyp-build@4.8.4", "", { "bin": { "node-gyp-build": "bin.js", "node-gyp-build-optional": "optional.js", "node-gyp-build-test": "build-test.js" } }, "sha512-LA4ZjwlnUblHVgq0oBF3Jl/6h/Nvs5fzBLwdEF4nuxnFdsfajde4WfxtJr3CaiH+F6ewcIB/q4jQ4UzPyid+CQ=="],

    "objc-js": ["objc-js@1.4.0", "", { "dependencies": { "node-addon-api": "^8.5.0", "node-gyp-build": "^4.8.4" }, "os": "darwin" }, "sha512-KuqK6IXD9IRLkutHY2uVYIR1CKQlHrfxrd31a9jaEgtN7280R383aICJRiBjFmbnERDO+hMx+QQjXbVdHU819Q=="],

    "objcjs-types": ["objcjs-types@0.7.2", "", { "peerDependencies": { "objc-js": "^1.3.1", "typescript": "^5.9.3" }, "bin": { "objcjs-types": "bin/objcjs-types.ts" } }, "sha512-OqFQ6F3TqlGbbo3Ow3/k43nQpSmXbHA4RgyMdIzlT1VELLk7+URUksShz6M6/PCjeX29k09W778bSUiAN/XhsQ=="],

    "typescript": ["typescript@6.0.2", "", { "bin": { "tsc": "bin/tsc", "tsserver": "bin/tsserver" } }, "sha512-bGdAIrZ0wiGDo5l8c++HWtbaNCWTS4UTv7RaTH/ThVIgjkveJt83m74bBHMJkuCbslY8ixgLBVZJIOiQlQTjfQ=="],

    "undici-types": ["undici-types@7.18.2", "", {}, "sha512-AsuCzffGHJybSaRrmr5eHr81mwJU3kjw6M+uprWvCXiNeN9SOGwQ3Jn8jb8m3Z6izVgknn1R0FTCEAP2QrLY/w=="],
  }
}
